
Microsoft Visual Studio Solution File, Format Version 12.00
# Visual Studio Version 16
VisualStudioVersion = 16.0.31729.503
MinimumVisualStudioVersion = 10.0.40219.1
Project("{FAE04EC0-301F-11D3-BF4B-00C04F79EFBC}") = "MVCBook", "MVCBook\MVCBook.csproj", "{80FC5B21-6FAD-4DF4-9189-811418A2621E}"
EndProject
Global
	GlobalSection(SolutionConfigurationPlatforms) = preSolution
		Debug|Any CPU = Debug|Any CPU
		Release|Any CPU = Release|Any CPU
	EndGlobalSection
	GlobalSection(ProjectConfigurationPlatforms) = postSolution
		{80FC5B21-6FAD-4DF4-9189-811418A2621E}.Debug|Any CPU.ActiveCfg = Debug|Any CPU
		{80FC5B21-6FAD-4DF4-9189-811418A2621E}.Debug|Any CPU.Build.0 = Debug|Any CPU
		{80FC5B21-6FAD-4DF4-9189-811418A2621E}.Release|Any CPU.ActiveCfg = Release|Any CPU
		{80FC5B21-6FAD-4DF4-9189-811418A2621E}.Release|Any CPU.Build.0 = Release|Any CPU
	EndGlobalSection
	GlobalSection(SolutionProperties) = preSolution
		HideSolutionNode = FALSE
	EndGlobalSection
	GlobalSection(ExtensibilityGlobals) = postSolution
		SolutionGuid = {D69D2D7E-2CE9-4956-8A33-F18A7202D8FB}
	EndGlobalSection
EndGlobal
